// !$*UTF8*$!
{
	archiveVersion = 1;
	classes = {
	};
	objectVersion = 50;
	objects = {

/* Begin PBXBuildFile section */
		6FC30D24267EA0C9009CB7C7 /* AppDelegate.swift in Sources */ = {isa = PBXBuildFile; fileRef = 6FC30D23267EA0C9009CB7C7 /* AppDelegate.swift */; };
		6FC30D26267EA0C9009CB7C7 /* SceneDelegate.swift in Sources */ = {isa = PBXBuildFile; fileRef = 6FC30D25267EA0C9009CB7C7 /* SceneDelegate.swift */; };
		6FC30D28267EA0C9009CB7C7 /* ViewController.swift in Sources */ = {isa = PBXBuildFile; fileRef = 6FC30D27267EA0C9009CB7C7 /* ViewController.swift */; };
		6FC30D2B267EA0C9009CB7C7 /* Main.storyboard in Resources */ = {isa = PBXBuildFile; fileRef = 6FC30D29267EA0C9009CB7C7 /* Main.storyboard */; };
		6FC30D2D267EA0CC009CB7C7 /* Assets.xcassets in Resources */ = {isa = PBXBuildFile; fileRef = 6FC30D2C267EA0CC009CB7C7 /* Assets.xcassets */; };
		6FC30D30267EA0CC009CB7C7 /* LaunchScreen.storyboard in Resources */ = {isa = PBXBuildFile; fileRef = 6FC30D2E267EA0CC009CB7C7 /* LaunchScreen.storyboard */; };
/* End PBXBuildFile section */

/* Begin PBXFileReference section */
		6FC30D20267EA0C9009CB7C7 /* rxSwiftProject.app */ = {isa = PBXFileReference; explicitFileType = wrapper.application; includeInIndex = 0; path = rxSwiftProject.app; sourceTree = BUILT_PRODUCTS_DIR; };
		6FC30D23267EA0C9009CB7C7 /* AppDelegate.swift */ = {isa = PBXFileReference; lastKnownFileType = sourcecode.swift; path = AppDelegate.swift; sourceTree = "<group>"; };
		6FC30D25267EA0C9009CB7C7 /* SceneDelegate.swift */ = {isa = PBXFileReference; lastKnownFileType = sourcecode.swift; path = SceneDelegate.swift; sourceTree = "<group>"; };
		6FC30D27267EA0C9009CB7C7 /* ViewController.swift */ = {isa = PBXFileReference; lastKnownFileType = sourcecode.swift; path = ViewController.swift; sourceTree = "<group>"; };
		6FC30D2A267EA0C9009CB7C7 /* Base */ = {isa = PBXFileReference; lastKnownFileType = file.storyboard; name = Base; path = Base.lproj/Main.storyboard; sourceTree = "<group>"; };
		6FC30D2C267EA0CC009CB7C7 /* Assets.xcassets */ = {isa = PBXFileReference; lastKnownFileType = folder.assetcatalog; path = Assets.xcassets; sourceTree = "<group>"; };
		6FC30D2F267EA0CC009CB7C7 /* Base */ = {isa = PBXFileReference; lastKnownFileType = file.storyboard; name = Base; path = Base.lproj/LaunchScreen.storyboard; sourceTree = "<group>"; };
		6FC30D31267EA0CC009CB7C7 /* Info.plist */ = {isa = PBXFileReference; lastKnownFileType = text.plist.xml; path = Info.plist; sourceTree = "<group>"; };
/* End PBXFileReference section */

/* Begin PBXFrameworksBuildPhase section */
		6FC30D1D267EA0C8009CB7C7 /* Frameworks */ = {
			isa = PBXFrameworksBuildPhase;
			buildActionMask = 2147483647;
			files = (
			);
			runOnlyForDeploymentPostprocessing = 0;
		};
/* End PBXFrameworksBuildPhase section */

/* Begin PBXGroup section */
		6FC30D17267EA0C8009CB7C7 = {
			isa = PBXGroup;
			children = (
				6FC30D22267EA0C9009CB7C7 /* rxSwiftProject */,
				6FC30D21267EA0C9009CB7C7 /* Products */,
			);
			sourceTree = "<group>";
		};
		6FC30D21267EA0C9009CB7C7 /* Products */ = {
			isa = PBXGroup;
			children = (
				6FC30D20267EA0C9009CB7C7 /* rxSwiftProject.app */,
			);
			name = Products;
			sourceTree = "<group>";
		};
		6FC30D22267EA0C9009CB7C7 /* rxSwiftProject */ = {
			isa = PBXGroup;
			children = (
				6FC30D23267EA0C9009CB7C7 /* AppDelegate.swift */,
				6FC30D25267EA0C9009CB7C7 /* SceneDelegate.swift */,
				6FC30D27267EA0C9009CB7C7 /* ViewController.swift */,
				6FC30D29267EA0C9009CB7C7 /* Main.storyboard */,
				6FC30D2C267EA0CC009CB7C7 /* Assets.xcassets */,
				6FC30D2E267EA0CC009CB7C7 /* LaunchScreen.storyboard */,
				6FC30D31267EA0CC009CB7C7 /* Info.plist */,
			);
			path = rxSwiftProject;
			sourceTree = "<group>";
		};
/* End PBXGroup section */

/* Begin PBXNativeTarget section */
		6FC30D1F267EA0C8009CB7C7 /* rxSwiftProject */ = {
			isa = PBXNativeTarget;
			buildConfigurationList = 6FC30D34267EA0CC009CB7C7 /* Build configuration list for PBXNativeTarget "rxSwiftProject" */;
			buildPhases = (
				6FC30D1C267EA0C8009CB7C7 /* Sources */,
				6FC30D1D267EA0C8009CB7C7 /* Frameworks */,
				6FC30D1E267EA0C8009CB7C7 /* Resources */,
			);
			buildRules = (
			);
			dependencies = (
			);
			name = rxSwiftProject;
			productName = rxSwiftProject;
			productReference = 6FC30D20267EA0C9009CB7C7 /* rxSwiftProject.app */;
			productType = "com.apple.product-type.application";
		};
/* End PBXNativeTarget section */

/* Begin PBXProject section */
		6FC30D18267EA0C8009CB7C7 /* Project object */ = {
			isa = PBXProject;
			attributes = {
				LastSwiftUpdateCheck = 1220;
				LastUpgradeCheck = 1220;
				TargetAttributes = {
					6FC30D1F267EA0C8009CB7C7 = {
						CreatedOnToolsVersion = 12.2;
					};
				};
			};
			buildConfigurationList = 6FC30D1B267EA0C8009CB7C7 /* Build configuration list for PBXProject "rxSwiftProject" */;
			compatibilityVersion = "Xcode 9.3";
			developmentRegion = en;
			hasScannedForEncodings = 0;
			knownRegions = (
				en,
				Base,
			);
			mainGroup = 6FC30D17267EA0C8009CB7C7;
			productRefGroup = 6FC30D21267EA0C9009CB7C7 /* Products */;
			projectDirPath = "";
			projectRoot = "";
			targets = (
				6FC30D1F267EA0C8009CB7C7 /* rxSwiftProject */,
			);
		};
/* End PBXProject section */

/* Begin PBXResourcesBuildPhase section */
		6FC30D1E267EA0C8009CB7C7 /* Resources */ = {
			isa = PBXResourcesBuildPhase;
			buildActionMask = 2147483647;
			files = (
				6FC30D30267EA0CC009CB7C7 /* LaunchScreen.storyboard in Resources */,
				6FC30D2D267EA0CC009CB7C7 /* Assets.xcassets in Resources */,
				6FC30D2B267EA0C9009CB7C7 /* Main.storyboard in Resources */,
			);
			runOnlyForDeploymentPostprocessing = 0;
		};
/* End PBXResourcesBuildPhase section */

/* Begin PBXSourcesBuildPhase section */
		6FC30D1C267EA0C8009CB7C7 /* Sources */ = {
			isa = PBXSourcesBuildPhase;
			buildActionMask = 2147483647;
			files = (
				6FC30D28267EA0C9009CB7C7 /* ViewController.swift in Sources */,
				6FC30D24267EA0C9009CB7C7 /* AppDelegate.swift in Sources */,
				6FC30D26267EA0C9009CB7C7 /* SceneDelegate.swift in Sources */,
			);
			runOnlyForDeploymentPostprocessing = 0;
		};
/* End PBXSourcesBuildPhase section */

/* Begin PBXVariantGroup section */
		6FC30D29267EA0C9009CB7C7 /* Main.storyboard */ = {
			isa = PBXVariantGroup;
			children = (
				6FC30D2A267EA0C9009CB7C7 /* Base */,
			);
			name = Main.storyboard;
			sourceTree = "<group>";
		};
		6FC30D2E267EA0CC009CB7C7 /* LaunchScreen.storyboard */ = {
			isa = PBXVariantGroup;
			children = (
				6FC30D2F267EA0CC009CB7C7 /* Base */,
			);
			name = LaunchScreen.storyboard;
			sourceTree = "<group>";
		};
/* End PBXVariantGroup section */

/* Begin XCBuildConfiguration section */
		6FC30D32267EA0CC009CB7C7 /* Debug */ = {
			isa = XCBuildConfiguration;
			buildSettings = {
				ALWAYS_SEARCH_USER_PATHS = NO;
				CLANG_ANALYZER_NONNULL = YES;
				CLANG_ANALYZER_NUMBER_OBJECT_CONVERSION = YES_AGGRESSIVE;
				CLANG_CXX_LANGUAGE_STANDARD = "gnu++14";
				CLANG_CXX_LIBRARY = "libc++";
				CLANG_ENABLE_MODULES = YES;
				CLANG_ENABLE_OBJC_ARC = YES;
				CLANG_ENABLE_OBJC_WEAK = YES;
				CLANG_WARN_BLOCK_CAPTURE_AUTORELEASING = YES;
				CLANG_WARN_BOOL_CONVERSION = YES;
				CLANG_WARN_COMMA = YES;
				CLANG_WARN_CONSTANT_CONVERSION = YES;
				CLANG_WARN_DEPRECATED_OBJC_IMPLEMENTATIONS = YES;
				CLANG_WARN_DIRECT_OBJC_ISA_USAGE = YES_ERROR;
				CLANG_WARN_DOCUMENTATION_COMMENTS = YES;
				CLANG_WARN_EMPTY_BODY = YES;
				CLANG_WARN_ENUM_CONVERSION = YES;
				CLANG_WARN_INFINITE_RECURSION = YES;
				CLANG_WARN_INT_CONVERSION = YES;
				CLANG_WARN_NON_LITERAL_NULL_CONVERSION = YES;
				CLANG_WARN_OBJC_IMPLICIT_RETAIN_SELF = YES;
				CLANG_WARN_OBJC_LITERAL_CONVERSION = YES;
				CLANG_WARN_OBJC_ROOT_CLASS = YES_ERROR;
				CLANG_WARN_QUOTED_INCLUDE_IN_FRAMEWORK_HEADER = YES;
				CLANG_WARN_RANGE_LOOP_ANALYSIS = YES;
				CLANG_WARN_STRICT_PROTOTYPES = YES;
				CLANG_WARN_SUSPICIOUS_MOVE = YES;
				CLANG_WARN_UNGUARDED_AVAILABILITY = YES_AGGRESSIVE;
				CLANG_WARN_UNREACHABLE_CODE = YES;
				CLANG_WARN__DUPLICATE_METHOD_MATCH = YES;
				COPY_PHASE_STRIP = NO;
				DEBUG_INFORMATION_FORMAT = dwarf;
				ENABLE_STRICT_OBJC_MSGSEND = YES;
				ENABLE_TESTABILITY = YES;
				GCC_C_LANGUAGE_STANDARD = gnu11;
				GCC_DYNAMIC_NO_PIC = NO;
				GCC_NO_COMMON_BLOCKS = YES;
				GCC_OPTIMIZATION_LEVEL = 0;
				GCC_PREPROCESSOR_DEFINITIONS = (
					"DEBUG=1",
					"$(inherited)",
				);
				GCC_WARN_64_TO_32_BIT_CONVERSION = YES;
				GCC_WARN_ABOUT_RETURN_TYPE = YES_ERROR;
				GCC_WARN_UNDECLARED_SELECTOR = YES;
				GCC_WARN_UNINITIALIZED_AUTOS = YES_AGGRESSIVE;
				GCC_WARN_UNUSED_FUNCTION = YES;
				GCC_WARN_UNUSED_VARIABLE = YES;
				IPHONEOS_DEPLOYMENT_TARGET = 14.2;
				MTL_ENABLE_DEBUG_INFO = INCLUDE_SOURCE;
				MTL_FAST_MATH = YES;
				ONLY_ACTIVE_ARCH = YES;
				SDKROOT = iphoneos;
				SWIFT_ACTIVE_COMPILATION_CONDITIONS = DEBUG;
				SWIFT_OPTIMIZATION_LEVEL = "-Onone";
			};
			name = Debug;
		};
		6FC30D33267EA0CC009CB7C7 /* Release */ = {
			isa = XCBuildConfiguration;
			buildSettings = {
				ALWAYS_SEARCH_USER_PATHS = NO;
				CLANG_ANALYZER_NONNULL = YES;
				CLANG_ANALYZER_NUMBER_OBJECT_CONVERSION = YES_AGGRESSIVE;
				CLANG_CXX_LANGUAGE_STANDARD = "gnu++14";
				CLANG_CXX_LIBRARY = "libc++";
				CLANG_ENABLE_MODULES = YES;
				CLANG_ENABLE_OBJC_ARC = YES;
				CLANG_ENABLE_OBJC_WEAK = YES;
				CLANG_WARN_BLOCK_CAPTURE_AUTORELEASING = YES;
				CLANG_WARN_BOOL_CONVERSION = YES;
				CLANG_WARN_COMMA = YES;
				CLANG_WARN_CONSTANT_CONVERSION = YES;
				CLANG_WARN_DEPRECATED_OBJC_IMPLEMENTATIONS = YES;
				CLANG_WARN_DIRECT_OBJC_ISA_USAGE = YES_ERROR;
				CLANG_WARN_DOCUMENTATION_COMMENTS = YES;
				CLANG_WARN_EMPTY_BODY = YES;
				CLANG_WARN_ENUM_CONVERSION = YES;
				CLANG_WARN_INFINITE_RECURSION = YES;
				CLANG_WARN_INT_CONVERSION = YES;
				CLANG_WARN_NON_LITERAL_NULL_CONVERSION = YES;
				CLANG_WARN_OBJC_IMPLICIT_RETAIN_SELF = YES;
				CLANG_WARN_OBJC_LITERAL_CONVERSION = YES;
				CLANG_WARN_OBJC_ROOT_CLASS = YES_ERROR;
				CLANG_WARN_QUOTED_INCLUDE_IN_FRAMEWORK_HEADER = YES;
				CLANG_WARN_RANGE_LOOP_ANALYSIS = YES;
				CLANG_WARN_STRICT_PROTOTYPES = YES;
				CLANG_WARN_SUSPICIOUS_MOVE = YES;
				CLANG_WARN_UNGUARDED_AVAILABILITY = YES_AGGRESSIVE;
				CLANG_WARN_UNREACHABLE_CODE = YES;
				CLANG_WARN__DUPLICATE_METHOD_MATCH = YES;
				COPY_PHASE_STRIP = NO;
				DEBUG_INFORMATION_FORMAT = "dwarf-with-dsym";
				ENABLE_NS_ASSERTIONS = NO;
				ENABLE_STRICT_OBJC_MSGSEND = YES;
				GCC_C_LANGUAGE_STANDARD = gnu11;
				GCC_NO_COMMON_BLOCKS = YES;
				GCC_WARN_64_TO_32_BIT_CONVERSION = YES;
				GCC_WARN_ABOUT_RETURN_TYPE = YES_ERROR;
				GCC_WARN_UNDECLARED_SELECTOR = YES;
				GCC_WARN_UNINITIALIZED_AUTOS = YES_AGGRESSIVE;
				GCC_WARN_UNUSED_FUNCTION = YES;
				GCC_WARN_UNUSED_VARIABLE = YES;
				IPHONEOS_DEPLOYMENT_TARGET = 14.2;
				MTL_ENABLE_DEBUG_INFO = NO;
				MTL_FAST_MATH = YES;
				SDKROOT = iphoneos;
				SWIFT_COMPILATION_MODE = wholemodule;
				SWIFT_OPTIMIZATION_LEVEL = "-O";
				VALIDATE_PRODUCT = YES;
			};
			name = Release;
		};
		6FC30D35267EA0CC009CB7C7 /* Debug */ = {
			isa = XCBuildConfiguration;
			buildSettings = {
				ASSETCATALOG_COMPILER_APPICON_NAME = AppIcon;
				ASSETCATALOG_COMPILER_GLOBAL_ACCENT_COLOR_NAME = AccentColor;
				CODE_SIGN_STYLE = Automatic;
				DEVELOPMENT_TEAM = 3A39A8Y7MG;
				INFOPLIST_FILE = rxSwiftProject/Info.plist;
				LD_RUNPATH_SEARCH_PATHS = (
					"$(inherited)",
					"@executable_path/Frameworks",
				);
				PRODUCT_BUNDLE_IDENTIFIER = com.shihomi.rxSwiftProject;
				PRODUCT_NAME = "$(TARGET_NAME)";
				SWIFT_VERSION = 5.0;
				TARGETED_DEVICE_FAMILY = "1,2";
			};
			name = Debug;
		};
		6FC30D36267EA0CC009CB7C7 /* Release */ = {
			isa = XCBuildConfiguration;
			buildSettings = {
				ASSETCATALOG_COMPILER_APPICON_NAME = AppIcon;
				ASSETCATALOG_COMPILER_GLOBAL_ACCENT_COLOR_NAME = AccentColor;
				CODE_SIGN_STYLE = Automatic;
				DEVELOPMENT_TEAM = 3A39A8Y7MG;
				INFOPLIST_FILE = rxSwiftProject/Info.plist;
				LD_RUNPATH_SEARCH_PATHS = (
					"$(inherited)",
					"@executable_path/Frameworks",
				);
				PRODUCT_BUNDLE_IDENTIFIER = com.shihomi.rxSwiftProject;
				PRODUCT_NAME = "$(TARGET_NAME)";
				SWIFT_VERSION = 5.0;
				TARGETED_DEVICE_FAMILY = "1,2";
			};
			name = Release;
		};
/* End XCBuildConfiguration section */

/* Begin XCConfigurationList section */
		6FC30D1B267EA0C8009CB7C7 /* Build configuration list for PBXProject "rxSwiftProject" */ = {
			isa = XCConfigurationList;
			buildConfigurations = (
				6FC30D32267EA0CC009CB7C7 /* Debug */,
				6FC30D33267EA0CC009CB7C7 /* Release */,
			);
			defaultConfigurationIsVisible = 0;
			defaultConfigurationName = Release;
		};
		6FC30D34267EA0CC009CB7C7 /* Build configuration list for PBXNativeTarget "rxSwiftProject" */ = {
			isa = XCConfigurationList;
			buildConfigurations = (
				6FC30D35267EA0CC009CB7C7 /* Debug */,
				6FC30D36267EA0CC009CB7C7 /* Release */,
			);
			defaultConfigurationIsVisible = 0;
			defaultConfigurationName = Release;
		};
/* End XCConfigurationList section */
	};
	rootObject = 6FC30D18267EA0C8009CB7C7 /* Project object */;
}
